
Microsoft Visual Studio Solution File, Format Version 12.00
# Visual Studio Version 16
VisualStudioVersion = 16.0.30503.244
MinimumVisualStudioVersion = 10.0.40219.1
Project("{FAE04EC0-301F-11D3-BF4B-00C04F79EFBC}") = "WindowsFormsApp1", "WindowsFormsApp1\WindowsFormsApp1.csproj", "{28A73461-F644-40F4-928D-7B28FE2B189E}"
EndProject
Global
	GlobalSection(SolutionConfigurationPlatforms) = preSolution
		Debug|Any CPU = Debug|Any CPU
		Release|Any CPU = Release|Any CPU
	EndGlobalSection
	GlobalSection(ProjectConfigurationPlatforms) = postSolution
		{28A73461-F644-40F4-928D-7B28FE2B189E}.Debug|Any CPU.ActiveCfg = Debug|Any CPU
		{28A73461-F644-40F4-928D-7B28FE2B189E}.Debug|Any CPU.Build.0 = Debug|Any CPU
		{28A73461-F644-40F4-928D-7B28FE2B189E}.Release|Any CPU.ActiveCfg = Release|Any CPU
		{28A73461-F644-40F4-928D-7B28FE2B189E}.Release|Any CPU.Build.0 = Release|Any CPU
	EndGlobalSection
	GlobalSection(SolutionProperties) = preSolution
		HideSolutionNode = FALSE
	EndGlobalSection
	GlobalSection(ExtensibilityGlobals) = postSolution
		SolutionGuid = {1BB88692-50C7-442F-A3EF-7C27AC2B95B9}
	EndGlobalSection
EndGlobal
